
Microsoft Visual Studio Solution File, Format Version 12.00
# Visual Studio Version 17
VisualStudioVersion = 17.6.33723.286
MinimumVisualStudioVersion = 10.0.40219.1
Project("{FAE04EC0-301F-11D3-BF4B-00C04F79EFBC}") = "CapaPresentacion", "CapaPresentacion\CapaPresentacion.csproj", "{8FF6DD7E-CA38-49E4-983B-BC76EA40D492}"
EndProject
Project("{FAE04EC0-301F-11D3-BF4B-00C04F79EFBC}") = "LogicaNegocio", "LogicaNegocio\LogicaNegocio.csproj", "{146F6C8C-8E8D-460F-A82E-335B1F68D235}"
EndProject
Project("{FAE04EC0-301F-11D3-BF4B-00C04F79EFBC}") = "AccesoDatos", "AccesoDatos\AccesoDatos.csproj", "{D03FF9F1-69AA-41B4-B3E9-FFBF010B2EF6}"
EndProject
Project("{FAE04EC0-301F-11D3-BF4B-00C04F79EFBC}") = "Entidad", "Entidad\Entidad.csproj", "{E7D4D308-E27F-48D0-8B0F-2D56E29A298C}"
EndProject
Global
	GlobalSection(SolutionConfigurationPlatforms) = preSolution
		Debug|Any CPU = Debug|Any CPU
		Release|Any CPU = Release|Any CPU
	EndGlobalSection
	GlobalSection(ProjectConfigurationPlatforms) = postSolution
		{8FF6DD7E-CA38-49E4-983B-BC76EA40D492}.Debug|Any CPU.ActiveCfg = Debug|Any CPU
		{8FF6DD7E-CA38-49E4-983B-BC76EA40D492}.Debug|Any CPU.Build.0 = Debug|Any CPU
		{8FF6DD7E-CA38-49E4-983B-BC76EA40D492}.Release|Any CPU.ActiveCfg = Release|Any CPU
		{8FF6DD7E-CA38-49E4-983B-BC76EA40D492}.Release|Any CPU.Build.0 = Release|Any CPU
		{146F6C8C-8E8D-460F-A82E-335B1F68D235}.Debug|Any CPU.ActiveCfg = Debug|Any CPU
		{146F6C8C-8E8D-460F-A82E-335B1F68D235}.Debug|Any CPU.Build.0 = Debug|Any CPU
		{146F6C8C-8E8D-460F-A82E-335B1F68D235}.Release|Any CPU.ActiveCfg = Release|Any CPU
		{146F6C8C-8E8D-460F-A82E-335B1F68D235}.Release|Any CPU.Build.0 = Release|Any CPU
		{D03FF9F1-69AA-41B4-B3E9-FFBF010B2EF6}.Debug|Any CPU.ActiveCfg = Debug|Any CPU
		{D03FF9F1-69AA-41B4-B3E9-FFBF010B2EF6}.Debug|Any CPU.Build.0 = Debug|Any CPU
		{D03FF9F1-69AA-41B4-B3E9-FFBF010B2EF6}.Release|Any CPU.ActiveCfg = Release|Any CPU
		{D03FF9F1-69AA-41B4-B3E9-FFBF010B2EF6}.Release|Any CPU.Build.0 = Release|Any CPU
		{E7D4D308-E27F-48D0-8B0F-2D56E29A298C}.Debug|Any CPU.ActiveCfg = Debug|Any CPU
		{E7D4D308-E27F-48D0-8B0F-2D56E29A298C}.Debug|Any CPU.Build.0 = Debug|Any CPU
		{E7D4D308-E27F-48D0-8B0F-2D56E29A298C}.Release|Any CPU.ActiveCfg = Release|Any CPU
		{E7D4D308-E27F-48D0-8B0F-2D56E29A298C}.Release|Any CPU.Build.0 = Release|Any CPU
	EndGlobalSection
	GlobalSection(SolutionProperties) = preSolution
		HideSolutionNode = FALSE
	EndGlobalSection
	GlobalSection(ExtensibilityGlobals) = postSolution
		SolutionGuid = {F12AA93F-0234-42F0-B697-B42654189406}
	EndGlobalSection
EndGlobal
