
Microsoft Visual Studio Solution File, Format Version 12.00
# Visual Studio Version 17
VisualStudioVersion = 17.6.33723.286
MinimumVisualStudioVersion = 10.0.40219.1
Project("{FAE04EC0-301F-11D3-BF4B-00C04F79EFBC}") = "ProyectoEscritorio", "ProyectoEscritorio\ProyectoEscritorio.csproj", "{CE3C68F5-5EB6-46C2-BE8C-09CCCF04576B}"
EndProject
Project("{FAE04EC0-301F-11D3-BF4B-00C04F79EFBC}") = "LogicaNegocio", "LogicaNegocio\LogicaNegocio.csproj", "{F463244A-8A2F-4C4A-AAF7-8EA226769073}"
EndProject
Global
	GlobalSection(SolutionConfigurationPlatforms) = preSolution
		Debug|Any CPU = Debug|Any CPU
		Release|Any CPU = Release|Any CPU
	EndGlobalSection
	GlobalSection(ProjectConfigurationPlatforms) = postSolution
		{CE3C68F5-5EB6-46C2-BE8C-09CCCF04576B}.Debug|Any CPU.ActiveCfg = Debug|Any CPU
		{CE3C68F5-5EB6-46C2-BE8C-09CCCF04576B}.Debug|Any CPU.Build.0 = Debug|Any CPU
		{CE3C68F5-5EB6-46C2-BE8C-09CCCF04576B}.Release|Any CPU.ActiveCfg = Release|Any CPU
		{CE3C68F5-5EB6-46C2-BE8C-09CCCF04576B}.Release|Any CPU.Build.0 = Release|Any CPU
		{F463244A-8A2F-4C4A-AAF7-8EA226769073}.Debug|Any CPU.ActiveCfg = Debug|Any CPU
		{F463244A-8A2F-4C4A-AAF7-8EA226769073}.Debug|Any CPU.Build.0 = Debug|Any CPU
		{F463244A-8A2F-4C4A-AAF7-8EA226769073}.Release|Any CPU.ActiveCfg = Release|Any CPU
		{F463244A-8A2F-4C4A-AAF7-8EA226769073}.Release|Any CPU.Build.0 = Release|Any CPU
	EndGlobalSection
	GlobalSection(SolutionProperties) = preSolution
		HideSolutionNode = FALSE
	EndGlobalSection
	GlobalSection(ExtensibilityGlobals) = postSolution
		SolutionGuid = {7541409B-7A9F-4B39-AAED-29E31DBC9045}
	EndGlobalSection
EndGlobal
